{
  "originHash" : "c1a2c87df93f1f8ff3b9f711fadb03dce4b0f769ebf735db3d7e8c92516a04b0",
  "pins" : [
    {
      "identity" : "grdb.swift",
      "kind" : "remoteSourceControl",
      "location" : "https://github.com/groue/GRDB.swift",
      "state" : {
        "revision" : "36e30a6f1ef10e4194f6af0cff90888526f0c115",
        "version" : "7.10.0"
      }
    }
  ],
  "version" : 3
}
